
Microsoft Visual Studio Solution File, Format Version 12.00
# Visual Studio Version 17
VisualStudioVersion = 17.4.33213.308
MinimumVisualStudioVersion = 10.0.40219.1
Project("{FAE04EC0-301F-11D3-BF4B-00C04F79EFBC}") = "AcmeBanking", "AcmeBanking\AcmeBanking.csproj", "{72019A93-54DF-457B-96A3-BFBC28A40DFE}"
EndProject
Global
	GlobalSection(SolutionConfigurationPlatforms) = preSolution
		Debug|Any CPU = Debug|Any CPU
		Release|Any CPU = Release|Any CPU
	EndGlobalSection
	GlobalSection(ProjectConfigurationPlatforms) = postSolution
		{72019A93-54DF-457B-96A3-BFBC28A40DFE}.Debug|Any CPU.ActiveCfg = Debug|Any CPU
		{72019A93-54DF-457B-96A3-BFBC28A40DFE}.Debug|Any CPU.Build.0 = Debug|Any CPU
		{72019A93-54DF-457B-96A3-BFBC28A40DFE}.Release|Any CPU.ActiveCfg = Release|Any CPU
		{72019A93-54DF-457B-96A3-BFBC28A40DFE}.Release|Any CPU.Build.0 = Release|Any CPU
	EndGlobalSection
	GlobalSection(SolutionProperties) = preSolution
		HideSolutionNode = FALSE
	EndGlobalSection
	GlobalSection(ExtensibilityGlobals) = postSolution
		SolutionGuid = {B90C22FE-C72E-4996-BB3D-69163B388759}
	EndGlobalSection
EndGlobal
